// !$*UTF8*$!
{
	archiveVersion = 1;
	classes = {
	};
	objectVersion = 46;
	objects = {

/* Begin PBXBuildFile section */
		2615C11B1BCAE7660065B62C /* main.m in Sources */ = {isa = PBXBuildFile; fileRef = 2615C11A1BCAE7660065B62C /* main.m */; };
		2615C11E1BCAE7660065B62C /* AppDelegate.m in Sources */ = {isa = PBXBuildFile; fileRef = 2615C11D1BCAE7660065B62C /* AppDelegate.m */; };
		2615C1211BCAE7660065B62C /* Home.m in Sources */ = {isa = PBXBuildFile; fileRef = 2615C1201BCAE7660065B62C /* Home.m */; };
		2615C1241BCAE7660065B62C /* Main.storyboard in Resources */ = {isa = PBXBuildFile; fileRef = 2615C1221BCAE7660065B62C /* Main.storyboard */; };
		2615C1261BCAE7660065B62C /* Assets.xcassets in Resources */ = {isa = PBXBuildFile; fileRef = 2615C1251BCAE7660065B62C /* Assets.xcassets */; };
		2615C1291BCAE7660065B62C /* LaunchScreen.storyboard in Resources */ = {isa = PBXBuildFile; fileRef = 2615C1271BCAE7660065B62C /* LaunchScreen.storyboard */; };
/* End PBXBuildFile section */

/* Begin PBXFileReference section */
		2615C1161BCAE7660065B62C /* TrailKeeper.app */ = {isa = PBXFileReference; explicitFileType = wrapper.application; includeInIndex = 0; path = TrailKeeper.app; sourceTree = BUILT_PRODUCTS_DIR; };
		2615C11A1BCAE7660065B62C /* main.m */ = {isa = PBXFileReference; lastKnownFileType = sourcecode.c.objc; path = main.m; sourceTree = "<group>"; };
		2615C11C1BCAE7660065B62C /* AppDelegate.h */ = {isa = PBXFileReference; lastKnownFileType = sourcecode.c.h; path = AppDelegate.h; sourceTree = "<group>"; };
		2615C11D1BCAE7660065B62C /* AppDelegate.m */ = {isa = PBXFileReference; lastKnownFileType = sourcecode.c.objc; path = AppDelegate.m; sourceTree = "<group>"; };
		2615C11F1BCAE7660065B62C /* Home.h */ = {isa = PBXFileReference; lastKnownFileType = sourcecode.c.h; path = Home.h; sourceTree = "<group>"; };
		2615C1201BCAE7660065B62C /* Home.m */ = {isa = PBXFileReference; lastKnownFileType = sourcecode.c.objc; path = Home.m; sourceTree = "<group>"; };
		2615C1231BCAE7660065B62C /* Base */ = {isa = PBXFileReference; lastKnownFileType = file.storyboard; name = Base; path = Base.lproj/Main.storyboard; sourceTree = "<group>"; };
		2615C1251BCAE7660065B62C /* Assets.xcassets */ = {isa = PBXFileReference; lastKnownFileType = folder.assetcatalog; path = Assets.xcassets; sourceTree = "<group>"; };
		2615C1281BCAE7660065B62C /* Base */ = {isa = PBXFileReference; lastKnownFileType = file.storyboard; name = Base; path = Base.lproj/LaunchScreen.storyboard; sourceTree = "<group>"; };
		2615C12A1BCAE7660065B62C /* Info.plist */ = {isa = PBXFileReference; lastKnownFileType = text.plist.xml; path = Info.plist; sourceTree = "<group>"; };
/* End PBXFileReference section */

/* Begin PBXFrameworksBuildPhase section */
		2615C1131BCAE7660065B62C /* Frameworks */ = {
			isa = PBXFrameworksBuildPhase;
			buildActionMask = 2147483647;
			files = (
			);
			runOnlyForDeploymentPostprocessing = 0;
		};
/* End PBXFrameworksBuildPhase section */

/* Begin PBXGroup section */
		2615C10D1BCAE7660065B62C = {
			isa = PBXGroup;
			children = (
				2615C1181BCAE7660065B62C /* TrailKeeper */,
				2615C1171BCAE7660065B62C /* Products */,
			);
			sourceTree = "<group>";
		};
		2615C1171BCAE7660065B62C /* Products */ = {
			isa = PBXGroup;
			children = (
				2615C1161BCAE7660065B62C /* TrailKeeper.app */,
			);
			name = Products;
			sourceTree = "<group>";
		};
		2615C1181BCAE7660065B62C /* TrailKeeper */ = {
			isa = PBXGroup;
			children = (
				2615C1381BCAEC740065B62C /* Models */,
				2615C1371BCAEC670065B62C /* ParseObjects */,
				2615C1361BCAEC5B0065B62C /* AsyncTasks */,
				2615C1351BCAEC540065B62C /* Utils */,
				2615C1341BCAEC4D0065B62C /* Helpers */,
				2615C1331BCAEC460065B62C /* Database */,
				2615C1321BCAEC2E0065B62C /* Assets */,
				2615C1311BCAEC1F0065B62C /* Views */,
				2615C1301BCAEC0A0065B62C /* StoryBoard */,
				2615C12A1BCAE7660065B62C /* Info.plist */,
				2615C1191BCAE7660065B62C /* Supporting Files */,
			);
			path = TrailKeeper;
			sourceTree = "<group>";
		};
		2615C1191BCAE7660065B62C /* Supporting Files */ = {
			isa = PBXGroup;
			children = (
				2615C11C1BCAE7660065B62C /* AppDelegate.h */,
				2615C11D1BCAE7660065B62C /* AppDelegate.m */,
				2615C11A1BCAE7660065B62C /* main.m */,
			);
			name = "Supporting Files";
			sourceTree = "<group>";
		};
		2615C1301BCAEC0A0065B62C /* StoryBoard */ = {
			isa = PBXGroup;
			children = (
				2615C1221BCAE7660065B62C /* Main.storyboard */,
				2615C1271BCAE7660065B62C /* LaunchScreen.storyboard */,
			);
			name = StoryBoard;
			sourceTree = "<group>";
		};
		2615C1311BCAEC1F0065B62C /* Views */ = {
			isa = PBXGroup;
			children = (
				2615C11F1BCAE7660065B62C /* Home.h */,
				2615C1201BCAE7660065B62C /* Home.m */,
			);
			name = Views;
			sourceTree = "<group>";
		};
		2615C1321BCAEC2E0065B62C /* Assets */ = {
			isa = PBXGroup;
			children = (
				2615C1251BCAE7660065B62C /* Assets.xcassets */,
			);
			name = Assets;
			sourceTree = "<group>";
		};
		2615C1331BCAEC460065B62C /* Database */ = {
			isa = PBXGroup;
			children = (
			);
			name = Database;
			sourceTree = "<group>";
		};
		2615C1341BCAEC4D0065B62C /* Helpers */ = {
			isa = PBXGroup;
			children = (
			);
			name = Helpers;
			sourceTree = "<group>";
		};
		2615C1351BCAEC540065B62C /* Utils */ = {
			isa = PBXGroup;
			children = (
			);
			name = Utils;
			sourceTree = "<group>";
		};
		2615C1361BCAEC5B0065B62C /* AsyncTasks */ = {
			isa = PBXGroup;
			children = (
			);
			name = AsyncTasks;
			sourceTree = "<group>";
		};
		2615C1371BCAEC670065B62C /* ParseObjects */ = {
			isa = PBXGroup;
			children = (
			);
			name = ParseObjects;
			sourceTree = "<group>";
		};
		2615C1381BCAEC740065B62C /* Models */ = {
			isa = PBXGroup;
			children = (
			);
			name = Models;
			sourceTree = "<group>";
		};
/* End PBXGroup section */

/* Begin PBXNativeTarget section */
		2615C1151BCAE7660065B62C /* TrailKeeper */ = {
			isa = PBXNativeTarget;
			buildConfigurationList = 2615C12D1BCAE7660065B62C /* Build configuration list for PBXNativeTarget "TrailKeeper" */;
			buildPhases = (
				2615C1121BCAE7660065B62C /* Sources */,
				2615C1131BCAE7660065B62C /* Frameworks */,
				2615C1141BCAE7660065B62C /* Resources */,
			);
			buildRules = (
			);
			dependencies = (
			);
			name = TrailKeeper;
			productName = TrailKeeper;
			productReference = 2615C1161BCAE7660065B62C /* TrailKeeper.app */;
			productType = "com.apple.product-type.application";
		};
/* End PBXNativeTarget section */

/* Begin PBXProject section */
		2615C10E1BCAE7660065B62C /* Project object */ = {
			isa = PBXProject;
			attributes = {
				LastUpgradeCheck = 0700;
				ORGANIZATIONNAME = "Jeremey Rodriguez";
				TargetAttributes = {
					2615C1151BCAE7660065B62C = {
						CreatedOnToolsVersion = 7.0.1;
					};
				};
			};
			buildConfigurationList = 2615C1111BCAE7660065B62C /* Build configuration list for PBXProject "TrailKeeper" */;
			compatibilityVersion = "Xcode 3.2";
			developmentRegion = English;
			hasScannedForEncodings = 0;
			knownRegions = (
				en,
				Base,
			);
			mainGroup = 2615C10D1BCAE7660065B62C;
			productRefGroup = 2615C1171BCAE7660065B62C /* Products */;
			projectDirPath = "";
			projectRoot = "";
			targets = (
				2615C1151BCAE7660065B62C /* TrailKeeper */,
			);
		};
/* End PBXProject section */

/* Begin PBXResourcesBuildPhase section */
		2615C1141BCAE7660065B62C /* Resources */ = {
			isa = PBXResourcesBuildPhase;
			buildActionMask = 2147483647;
			files = (
				2615C1291BCAE7660065B62C /* LaunchScreen.storyboard in Resources */,
				2615C1261BCAE7660065B62C /* Assets.xcassets in Resources */,
				2615C1241BCAE7660065B62C /* Main.storyboard in Resources */,
			);
			runOnlyForDeploymentPostprocessing = 0;
		};
/* End PBXResourcesBuildPhase section */

/* Begin PBXSourcesBuildPhase section */
		2615C1121BCAE7660065B62C /* Sources */ = {
			isa = PBXSourcesBuildPhase;
			buildActionMask = 2147483647;
			files = (
				2615C1211BCAE7660065B62C /* Home.m in Sources */,
				2615C11E1BCAE7660065B62C /* AppDelegate.m in Sources */,
				2615C11B1BCAE7660065B62C /* main.m in Sources */,
			);
			runOnlyForDeploymentPostprocessing = 0;
		};
/* End PBXSourcesBuildPhase section */

/* Begin PBXVariantGroup section */
		2615C1221BCAE7660065B62C /* Main.storyboard */ = {
			isa = PBXVariantGroup;
			children = (
				2615C1231BCAE7660065B62C /* Base */,
			);
			name = Main.storyboard;
			sourceTree = "<group>";
		};
		2615C1271BCAE7660065B62C /* LaunchScreen.storyboard */ = {
			isa = PBXVariantGroup;
			children = (
				2615C1281BCAE7660065B62C /* Base */,
			);
			name = LaunchScreen.storyboard;
			sourceTree = "<group>";
		};
/* End PBXVariantGroup section */

/* Begin XCBuildConfiguration section */
		2615C12B1BCAE7660065B62C /* Debug */ = {
			isa = XCBuildConfiguration;
			buildSettings = {
				ALWAYS_SEARCH_USER_PATHS = NO;
				CLANG_CXX_LANGUAGE_STANDARD = "gnu++0x";
				CLANG_CXX_LIBRARY = "libc++";
				CLANG_ENABLE_MODULES = YES;
				CLANG_ENABLE_OBJC_ARC = YES;
				CLANG_WARN_BOOL_CONVERSION = YES;
				CLANG_WARN_CONSTANT_CONVERSION = YES;
				CLANG_WARN_DIRECT_OBJC_ISA_USAGE = YES_ERROR;
				CLANG_WARN_EMPTY_BODY = YES;
				CLANG_WARN_ENUM_CONVERSION = YES;
				CLANG_WARN_INT_CONVERSION = YES;
				CLANG_WARN_OBJC_ROOT_CLASS = YES_ERROR;
				CLANG_WARN_UNREACHABLE_CODE = YES;
				CLANG_WARN__DUPLICATE_METHOD_MATCH = YES;
				"CODE_SIGN_IDENTITY[sdk=iphoneos*]" = "iPhone Developer";
				COPY_PHASE_STRIP = NO;
				DEBUG_INFORMATION_FORMAT = dwarf;
				ENABLE_STRICT_OBJC_MSGSEND = YES;
				ENABLE_TESTABILITY = YES;
				GCC_C_LANGUAGE_STANDARD = gnu99;
				GCC_DYNAMIC_NO_PIC = NO;
				GCC_NO_COMMON_BLOCKS = YES;
				GCC_OPTIMIZATION_LEVEL = 0;
				GCC_PREPROCESSOR_DEFINITIONS = (
					"DEBUG=1",
					"$(inherited)",
				);
				GCC_WARN_64_TO_32_BIT_CONVERSION = YES;
				GCC_WARN_ABOUT_RETURN_TYPE = YES_ERROR;
				GCC_WARN_UNDECLARED_SELECTOR = YES;
				GCC_WARN_UNINITIALIZED_AUTOS = YES_AGGRESSIVE;
				GCC_WARN_UNUSED_FUNCTION = YES;
				GCC_WARN_UNUSED_VARIABLE = YES;
				IPHONEOS_DEPLOYMENT_TARGET = 9.0;
				MTL_ENABLE_DEBUG_INFO = YES;
				ONLY_ACTIVE_ARCH = YES;
				SDKROOT = iphoneos;
				TARGETED_DEVICE_FAMILY = "1,2";
			};
			name = Debug;
		};
		2615C12C1BCAE7660065B62C /* Release */ = {
			isa = XCBuildConfiguration;
			buildSettings = {
				ALWAYS_SEARCH_USER_PATHS = NO;
				CLANG_CXX_LANGUAGE_STANDARD = "gnu++0x";
				CLANG_CXX_LIBRARY = "libc++";
				CLANG_ENABLE_MODULES = YES;
				CLANG_ENABLE_OBJC_ARC = YES;
				CLANG_WARN_BOOL_CONVERSION = YES;
				CLANG_WARN_CONSTANT_CONVERSION = YES;
				CLANG_WARN_DIRECT_OBJC_ISA_USAGE = YES_ERROR;
				CLANG_WARN_EMPTY_BODY = YES;
				CLANG_WARN_ENUM_CONVERSION = YES;
				CLANG_WARN_INT_CONVERSION = YES;
				CLANG_WARN_OBJC_ROOT_CLASS = YES_ERROR;
				CLANG_WARN_UNREACHABLE_CODE = YES;
				CLANG_WARN__DUPLICATE_METHOD_MATCH = YES;
				"CODE_SIGN_IDENTITY[sdk=iphoneos*]" = "iPhone Developer";
				COPY_PHASE_STRIP = NO;
				DEBUG_INFORMATION_FORMAT = "dwarf-with-dsym";
				ENABLE_NS_ASSERTIONS = NO;
				ENABLE_STRICT_OBJC_MSGSEND = YES;
				GCC_C_LANGUAGE_STANDARD = gnu99;
				GCC_NO_COMMON_BLOCKS = YES;
				GCC_WARN_64_TO_32_BIT_CONVERSION = YES;
				GCC_WARN_ABOUT_RETURN_TYPE = YES_ERROR;
				GCC_WARN_UNDECLARED_SELECTOR = YES;
				GCC_WARN_UNINITIALIZED_AUTOS = YES_AGGRESSIVE;
				GCC_WARN_UNUSED_FUNCTION = YES;
				GCC_WARN_UNUSED_VARIABLE = YES;
				IPHONEOS_DEPLOYMENT_TARGET = 9.0;
				MTL_ENABLE_DEBUG_INFO = NO;
				SDKROOT = iphoneos;
				TARGETED_DEVICE_FAMILY = "1,2";
				VALIDATE_PRODUCT = YES;
			};
			name = Release;
		};
		2615C12E1BCAE7660065B62C /* Debug */ = {
			isa = XCBuildConfiguration;
			buildSettings = {
				ASSETCATALOG_COMPILER_APPICON_NAME = AppIcon;
				INFOPLIST_FILE = TrailKeeper/Info.plist;
				LD_RUNPATH_SEARCH_PATHS = "$(inherited) @executable_path/Frameworks";
				PRODUCT_BUNDLE_IDENTIFIER = com.singlecog.TrailKeeper;
				PRODUCT_NAME = "$(TARGET_NAME)";
			};
			name = Debug;
		};
		2615C12F1BCAE7660065B62C /* Release */ = {
			isa = XCBuildConfiguration;
			buildSettings = {
				ASSETCATALOG_COMPILER_APPICON_NAME = AppIcon;
				INFOPLIST_FILE = TrailKeeper/Info.plist;
				LD_RUNPATH_SEARCH_PATHS = "$(inherited) @executable_path/Frameworks";
				PRODUCT_BUNDLE_IDENTIFIER = com.singlecog.TrailKeeper;
				PRODUCT_NAME = "$(TARGET_NAME)";
			};
			name = Release;
		};
/* End XCBuildConfiguration section */

/* Begin XCConfigurationList section */
		2615C1111BCAE7660065B62C /* Build configuration list for PBXProject "TrailKeeper" */ = {
			isa = XCConfigurationList;
			buildConfigurations = (
				2615C12B1BCAE7660065B62C /* Debug */,
				2615C12C1BCAE7660065B62C /* Release */,
			);
			defaultConfigurationIsVisible = 0;
			defaultConfigurationName = Release;
		};
		2615C12D1BCAE7660065B62C /* Build configuration list for PBXNativeTarget "TrailKeeper" */ = {
			isa = XCConfigurationList;
			buildConfigurations = (
				2615C12E1BCAE7660065B62C /* Debug */,
				2615C12F1BCAE7660065B62C /* Release */,
			);
			defaultConfigurationIsVisible = 0;
		};
/* End XCConfigurationList section */
	};
	rootObject = 2615C10E1BCAE7660065B62C /* Project object */;
}
