// !$*UTF8*$!
{
	archiveVersion = 1;
	classes = {
	};
	objectVersion = 46;
	objects = {

/* Begin PBXBuildFile section */
		260EC2641BDB13F600BB01DF /* Converters.m in Sources */ = {isa = PBXBuildFile; fileRef = 260EC2631BDB13F600BB01DF /* Converters.m */; };
		2615C11B1BCAE7660065B62C /* main.m in Sources */ = {isa = PBXBuildFile; fileRef = 2615C11A1BCAE7660065B62C /* main.m */; };
		2615C11E1BCAE7660065B62C /* AppDelegate.m in Sources */ = {isa = PBXBuildFile; fileRef = 2615C11D1BCAE7660065B62C /* AppDelegate.m */; };
		2615C1261BCAE7660065B62C /* Assets.xcassets in Resources */ = {isa = PBXBuildFile; fileRef = 2615C1251BCAE7660065B62C /* Assets.xcassets */; };
		2615C1291BCAE7660065B62C /* LaunchScreen.storyboard in Resources */ = {isa = PBXBuildFile; fileRef = 2615C1271BCAE7660065B62C /* LaunchScreen.storyboard */; };
		262CFA8D1BE303E000378C5C /* offline_trails.db in Resources */ = {isa = PBXBuildFile; fileRef = 262CFA8C1BE303E000378C5C /* offline_trails.db */; };
		262D3A6E1C07935500284767 /* CreateAccountViewController.m in Sources */ = {isa = PBXBuildFile; fileRef = 262D3A6D1C07935500284767 /* CreateAccountViewController.m */; };
		262D3A711C07955600284767 /* UpdateAccountViewController.m in Sources */ = {isa = PBXBuildFile; fileRef = 262D3A701C07955600284767 /* UpdateAccountViewController.m */; };
		262D3A741C07956600284767 /* SignInViewController.m in Sources */ = {isa = PBXBuildFile; fileRef = 262D3A731C07956600284767 /* SignInViewController.m */; };
		262D3A771C07957700284767 /* UnitsOfMeasureViewController.m in Sources */ = {isa = PBXBuildFile; fileRef = 262D3A761C07957700284767 /* UnitsOfMeasureViewController.m */; };
		26744DB01BF41D9300309733 /* TrailHomeViewController.m in Sources */ = {isa = PBXBuildFile; fileRef = 26744DAF1BF41D9300309733 /* TrailHomeViewController.m */; };
		26751E991BCB24BA002C3498 /* libsqlite3.tbd in Frameworks */ = {isa = PBXBuildFile; fileRef = 26751E981BCB24BA002C3498 /* libsqlite3.tbd */; };
		26A4C1101BCB3D7800524635 /* DBManager.m in Sources */ = {isa = PBXBuildFile; fileRef = 26A4C10F1BCB3D7800524635 /* DBManager.m */; };
		26A4C1221BCB41EF00524635 /* AlertControllerHelper.m in Sources */ = {isa = PBXBuildFile; fileRef = 26A4C1211BCB41EF00524635 /* AlertControllerHelper.m */; };
		26A4C1251BCB430A00524635 /* ConnectionDetector.m in Sources */ = {isa = PBXBuildFile; fileRef = 26A4C1241BCB430A00524635 /* ConnectionDetector.m */; };
		26A4C1281BCB432300524635 /* GeoLocationHelper.m in Sources */ = {isa = PBXBuildFile; fileRef = 26A4C1271BCB432300524635 /* GeoLocationHelper.m */; };
		26A4C12B1BCB433200524635 /* PushNotificationHelper.m in Sources */ = {isa = PBXBuildFile; fileRef = 26A4C12A1BCB433200524635 /* PushNotificationHelper.m */; };
		26A4C1311BCB434D00524635 /* StateListHelper.m in Sources */ = {isa = PBXBuildFile; fileRef = 26A4C1301BCB434D00524635 /* StateListHelper.m */; };
		26A4C1341BCB438D00524635 /* NotificationReciever.m in Sources */ = {isa = PBXBuildFile; fileRef = 26A4C1331BCB438D00524635 /* NotificationReciever.m */; };
		26A5E97F1C12894200C7FE07 /* CustomFindTrailCell.m in Sources */ = {isa = PBXBuildFile; fileRef = 26A5E97E1C12894200C7FE07 /* CustomFindTrailCell.m */; };
		26A5E9821C133A3A00C7FE07 /* FindTrailSectionHeaderView.m in Sources */ = {isa = PBXBuildFile; fileRef = 26A5E9811C133A3A00C7FE07 /* FindTrailSectionHeaderView.m */; };
		26A5E9841C133A7800C7FE07 /* SectionHeaderView.xib in Resources */ = {isa = PBXBuildFile; fileRef = 26A5E9831C133A7800C7FE07 /* SectionHeaderView.xib */; };
		26A5E9871C13A39F00C7FE07 /* FindTrailSectionInfo.m in Sources */ = {isa = PBXBuildFile; fileRef = 26A5E9861C13A39F00C7FE07 /* FindTrailSectionInfo.m */; };
		26A5E98A1C13A64400C7FE07 /* States.m in Sources */ = {isa = PBXBuildFile; fileRef = 26A5E9891C13A64400C7FE07 /* States.m */; };
		26AAB1CA1BCDDE8B0084B67D /* User.m in Sources */ = {isa = PBXBuildFile; fileRef = 26AAB1C91BCDDE8B0084B67D /* User.m */; };
		26AAB1CD1BCDDEB60084B67D /* AuthorizedCommentors.m in Sources */ = {isa = PBXBuildFile; fileRef = 26AAB1CC1BCDDEB60084B67D /* AuthorizedCommentors.m */; };
		26AAB1D01BCDDEC20084B67D /* Comments.m in Sources */ = {isa = PBXBuildFile; fileRef = 26AAB1CF1BCDDEC20084B67D /* Comments.m */; };
		26AAB1D31BCDDECE0084B67D /* Trails.m in Sources */ = {isa = PBXBuildFile; fileRef = 26AAB1D21BCDDECE0084B67D /* Trails.m */; };
		26AAB1D61BCDDEDC0084B67D /* TrailStatus.m in Sources */ = {isa = PBXBuildFile; fileRef = 26AAB1D51BCDDEDC0084B67D /* TrailStatus.m */; };
		26AAB1D91BCDE0E70084B67D /* Installation.m in Sources */ = {isa = PBXBuildFile; fileRef = 26AAB1D81BCDE0E70084B67D /* Installation.m */; };
		26B65D001BD5CB74008616EC /* SystemConfiguration.framework in Frameworks */ = {isa = PBXBuildFile; fileRef = 26B65CFF1BD5CB74008616EC /* SystemConfiguration.framework */; };
		26C033631BFFF7DD003B9114 /* CustomTrailHomeCell.m in Sources */ = {isa = PBXBuildFile; fileRef = 26C033621BFFF7DD003B9114 /* CustomTrailHomeCell.m */; };
		26D6E5CD1BEEBCEB007C9F6C /* CustomCell.m in Sources */ = {isa = PBXBuildFile; fileRef = 26D6E5CC1BEEBCEB007C9F6C /* CustomCell.m */; };
		26DBC1211BE82F2F00273D56 /* CoreLocation.framework in Frameworks */ = {isa = PBXBuildFile; fileRef = 26DBC1201BE82F2F00273D56 /* CoreLocation.framework */; };
		26E0C3891C1676890085589A /* SearchTrailViewController.m in Sources */ = {isa = PBXBuildFile; fileRef = 26E0C3881C1676890085589A /* SearchTrailViewController.m */; };
		26F7A3941BE453E5007D98D6 /* GetAllObjectsFromParseHelper.m in Sources */ = {isa = PBXBuildFile; fileRef = 26F7A3931BE453E5007D98D6 /* GetAllObjectsFromParseHelper.m */; };
		26F8D40C1BE5A227007770F4 /* Main.storyboard in Resources */ = {isa = PBXBuildFile; fileRef = 26F8D40A1BE5A227007770F4 /* Main.storyboard */; };
		26F8D40F1BE5A389007770F4 /* MainViewController.m in Sources */ = {isa = PBXBuildFile; fileRef = 26F8D40E1BE5A389007770F4 /* MainViewController.m */; };
		26F8D4151BE65539007770F4 /* LeftDrawerController.m in Sources */ = {isa = PBXBuildFile; fileRef = 26F8D4141BE65539007770F4 /* LeftDrawerController.m */; };
		26F8D4201BE65E4A007770F4 /* MMDrawerBarButtonItem.m in Sources */ = {isa = PBXBuildFile; fileRef = 26F8D4181BE65E4A007770F4 /* MMDrawerBarButtonItem.m */; };
		26F8D4211BE65E4A007770F4 /* MMDrawerController.m in Sources */ = {isa = PBXBuildFile; fileRef = 26F8D41A1BE65E4A007770F4 /* MMDrawerController.m */; };
		26F8D4221BE65E4A007770F4 /* MMDrawerVisualState.m in Sources */ = {isa = PBXBuildFile; fileRef = 26F8D41D1BE65E4A007770F4 /* MMDrawerVisualState.m */; };
		26F8D4231BE65E4A007770F4 /* UIViewController+MMDrawerController.m in Sources */ = {isa = PBXBuildFile; fileRef = 26F8D41F1BE65E4A007770F4 /* UIViewController+MMDrawerController.m */; };
		26F8D4261BE6913F007770F4 /* SettingsHelper.m in Sources */ = {isa = PBXBuildFile; fileRef = 26F8D4251BE6913F007770F4 /* SettingsHelper.m */; };
		26F8D4291BE6A387007770F4 /* SettingsViewController.m in Sources */ = {isa = PBXBuildFile; fileRef = 26F8D4281BE6A387007770F4 /* SettingsViewController.m */; };
		26F8D42C1BE6BFCB007770F4 /* FindTrailViewController.m in Sources */ = {isa = PBXBuildFile; fileRef = 26F8D42B1BE6BFCB007770F4 /* FindTrailViewController.m */; };
		26F8D42F1BE6BFD6007770F4 /* CommentsViewController.m in Sources */ = {isa = PBXBuildFile; fileRef = 26F8D42E1BE6BFD6007770F4 /* CommentsViewController.m */; };
		26F8D4321BE6BFE2007770F4 /* MapViewController.m in Sources */ = {isa = PBXBuildFile; fileRef = 26F8D4311BE6BFE2007770F4 /* MapViewController.m */; };
		26F8D4351BE6BFEF007770F4 /* AddTrailViewController.m in Sources */ = {isa = PBXBuildFile; fileRef = 26F8D4341BE6BFEF007770F4 /* AddTrailViewController.m */; };
		26F8D4381BE6C009007770F4 /* TrailSubscriptionsViewController.m in Sources */ = {isa = PBXBuildFile; fileRef = 26F8D4371BE6C009007770F4 /* TrailSubscriptionsViewController.m */; };
		26F8D43B1BE6C019007770F4 /* GetTrailPinViewController.m in Sources */ = {isa = PBXBuildFile; fileRef = 26F8D43A1BE6C019007770F4 /* GetTrailPinViewController.m */; };
		26F8D43E1BE6C026007770F4 /* ContactViewController.m in Sources */ = {isa = PBXBuildFile; fileRef = 26F8D43D1BE6C026007770F4 /* ContactViewController.m */; };
		A0A883A2D59F3CBD08E3EDA5 /* libPods-TrailKeeper.a in Frameworks */ = {isa = PBXBuildFile; fileRef = 66DA86ADC3A3C6515759724B /* libPods-TrailKeeper.a */; };
/* End PBXBuildFile section */

/* Begin PBXFileReference section */
		260EC2621BDB13F600BB01DF /* Converters.h */ = {isa = PBXFileReference; fileEncoding = 4; lastKnownFileType = sourcecode.c.h; path = Converters.h; sourceTree = "<group>"; };
		260EC2631BDB13F600BB01DF /* Converters.m */ = {isa = PBXFileReference; fileEncoding = 4; lastKnownFileType = sourcecode.c.objc; path = Converters.m; sourceTree = "<group>"; };
		2615C1161BCAE7660065B62C /* TrailKeeper.app */ = {isa = PBXFileReference; explicitFileType = wrapper.application; includeInIndex = 0; path = TrailKeeper.app; sourceTree = BUILT_PRODUCTS_DIR; };
		2615C11A1BCAE7660065B62C /* main.m */ = {isa = PBXFileReference; lastKnownFileType = sourcecode.c.objc; path = main.m; sourceTree = "<group>"; };
		2615C11C1BCAE7660065B62C /* AppDelegate.h */ = {isa = PBXFileReference; lastKnownFileType = sourcecode.c.h; path = AppDelegate.h; sourceTree = "<group>"; };
		2615C11D1BCAE7660065B62C /* AppDelegate.m */ = {isa = PBXFileReference; lastKnownFileType = sourcecode.c.objc; path = AppDelegate.m; sourceTree = "<group>"; };
		2615C1251BCAE7660065B62C /* Assets.xcassets */ = {isa = PBXFileReference; lastKnownFileType = folder.assetcatalog; path = Assets.xcassets; sourceTree = "<group>"; };
		2615C1281BCAE7660065B62C /* Base */ = {isa = PBXFileReference; lastKnownFileType = file.storyboard; name = Base; path = Base.lproj/LaunchScreen.storyboard; sourceTree = "<group>"; };
		2615C12A1BCAE7660065B62C /* Info.plist */ = {isa = PBXFileReference; lastKnownFileType = text.plist.xml; path = Info.plist; sourceTree = "<group>"; };
		262CFA8C1BE303E000378C5C /* offline_trails.db */ = {isa = PBXFileReference; lastKnownFileType = file; name = offline_trails.db; path = ../../offline_trails.db; sourceTree = "<group>"; };
		262D3A6C1C07935500284767 /* CreateAccountViewController.h */ = {isa = PBXFileReference; fileEncoding = 4; lastKnownFileType = sourcecode.c.h; path = CreateAccountViewController.h; sourceTree = "<group>"; };
		262D3A6D1C07935500284767 /* CreateAccountViewController.m */ = {isa = PBXFileReference; fileEncoding = 4; lastKnownFileType = sourcecode.c.objc; path = CreateAccountViewController.m; sourceTree = "<group>"; };
		262D3A6F1C07955600284767 /* UpdateAccountViewController.h */ = {isa = PBXFileReference; fileEncoding = 4; lastKnownFileType = sourcecode.c.h; path = UpdateAccountViewController.h; sourceTree = "<group>"; };
		262D3A701C07955600284767 /* UpdateAccountViewController.m */ = {isa = PBXFileReference; fileEncoding = 4; lastKnownFileType = sourcecode.c.objc; path = UpdateAccountViewController.m; sourceTree = "<group>"; };
		262D3A721C07956600284767 /* SignInViewController.h */ = {isa = PBXFileReference; fileEncoding = 4; lastKnownFileType = sourcecode.c.h; path = SignInViewController.h; sourceTree = "<group>"; };
		262D3A731C07956600284767 /* SignInViewController.m */ = {isa = PBXFileReference; fileEncoding = 4; lastKnownFileType = sourcecode.c.objc; path = SignInViewController.m; sourceTree = "<group>"; };
		262D3A751C07957700284767 /* UnitsOfMeasureViewController.h */ = {isa = PBXFileReference; fileEncoding = 4; lastKnownFileType = sourcecode.c.h; path = UnitsOfMeasureViewController.h; sourceTree = "<group>"; };
		262D3A761C07957700284767 /* UnitsOfMeasureViewController.m */ = {isa = PBXFileReference; fileEncoding = 4; lastKnownFileType = sourcecode.c.objc; path = UnitsOfMeasureViewController.m; sourceTree = "<group>"; };
		26744DAE1BF41D9300309733 /* TrailHomeViewController.h */ = {isa = PBXFileReference; fileEncoding = 4; lastKnownFileType = sourcecode.c.h; path = TrailHomeViewController.h; sourceTree = "<group>"; };
		26744DAF1BF41D9300309733 /* TrailHomeViewController.m */ = {isa = PBXFileReference; fileEncoding = 4; lastKnownFileType = sourcecode.c.objc; path = TrailHomeViewController.m; sourceTree = "<group>"; };
		26751E981BCB24BA002C3498 /* libsqlite3.tbd */ = {isa = PBXFileReference; lastKnownFileType = "sourcecode.text-based-dylib-definition"; name = libsqlite3.tbd; path = usr/lib/libsqlite3.tbd; sourceTree = SDKROOT; };
		26A4C10E1BCB3D7800524635 /* DBManager.h */ = {isa = PBXFileReference; fileEncoding = 4; lastKnownFileType = sourcecode.c.h; path = DBManager.h; sourceTree = "<group>"; };
		26A4C10F1BCB3D7800524635 /* DBManager.m */ = {isa = PBXFileReference; fileEncoding = 4; lastKnownFileType = sourcecode.c.objc; path = DBManager.m; sourceTree = "<group>"; };
		26A4C1201BCB41EF00524635 /* AlertControllerHelper.h */ = {isa = PBXFileReference; fileEncoding = 4; lastKnownFileType = sourcecode.c.h; path = AlertControllerHelper.h; sourceTree = "<group>"; };
		26A4C1211BCB41EF00524635 /* AlertControllerHelper.m */ = {isa = PBXFileReference; fileEncoding = 4; lastKnownFileType = sourcecode.c.objc; path = AlertControllerHelper.m; sourceTree = "<group>"; };
		26A4C1231BCB430A00524635 /* ConnectionDetector.h */ = {isa = PBXFileReference; fileEncoding = 4; lastKnownFileType = sourcecode.c.h; path = ConnectionDetector.h; sourceTree = "<group>"; };
		26A4C1241BCB430A00524635 /* ConnectionDetector.m */ = {isa = PBXFileReference; fileEncoding = 4; lastKnownFileType = sourcecode.c.objc; path = ConnectionDetector.m; sourceTree = "<group>"; };
		26A4C1261BCB432300524635 /* GeoLocationHelper.h */ = {isa = PBXFileReference; fileEncoding = 4; lastKnownFileType = sourcecode.c.h; path = GeoLocationHelper.h; sourceTree = "<group>"; };
		26A4C1271BCB432300524635 /* GeoLocationHelper.m */ = {isa = PBXFileReference; fileEncoding = 4; lastKnownFileType = sourcecode.c.objc; path = GeoLocationHelper.m; sourceTree = "<group>"; };
		26A4C1291BCB433200524635 /* PushNotificationHelper.h */ = {isa = PBXFileReference; fileEncoding = 4; lastKnownFileType = sourcecode.c.h; path = PushNotificationHelper.h; sourceTree = "<group>"; };
		26A4C12A1BCB433200524635 /* PushNotificationHelper.m */ = {isa = PBXFileReference; fileEncoding = 4; lastKnownFileType = sourcecode.c.objc; path = PushNotificationHelper.m; sourceTree = "<group>"; };
		26A4C12F1BCB434D00524635 /* StateListHelper.h */ = {isa = PBXFileReference; fileEncoding = 4; lastKnownFileType = sourcecode.c.h; path = StateListHelper.h; sourceTree = "<group>"; };
		26A4C1301BCB434D00524635 /* StateListHelper.m */ = {isa = PBXFileReference; fileEncoding = 4; lastKnownFileType = sourcecode.c.objc; path = StateListHelper.m; sourceTree = "<group>"; };
		26A4C1321BCB438D00524635 /* NotificationReciever.h */ = {isa = PBXFileReference; fileEncoding = 4; lastKnownFileType = sourcecode.c.h; path = NotificationReciever.h; sourceTree = "<group>"; };
		26A4C1331BCB438D00524635 /* NotificationReciever.m */ = {isa = PBXFileReference; fileEncoding = 4; lastKnownFileType = sourcecode.c.objc; path = NotificationReciever.m; sourceTree = "<group>"; };
		26A5E97D1C12894200C7FE07 /* CustomFindTrailCell.h */ = {isa = PBXFileReference; fileEncoding = 4; lastKnownFileType = sourcecode.c.h; path = CustomFindTrailCell.h; sourceTree = "<group>"; };
		26A5E97E1C12894200C7FE07 /* CustomFindTrailCell.m */ = {isa = PBXFileReference; fileEncoding = 4; lastKnownFileType = sourcecode.c.objc; path = CustomFindTrailCell.m; sourceTree = "<group>"; };
		26A5E9801C133A3A00C7FE07 /* FindTrailSectionHeaderView.h */ = {isa = PBXFileReference; fileEncoding = 4; lastKnownFileType = sourcecode.c.h; path = FindTrailSectionHeaderView.h; sourceTree = "<group>"; };
		26A5E9811C133A3A00C7FE07 /* FindTrailSectionHeaderView.m */ = {isa = PBXFileReference; fileEncoding = 4; lastKnownFileType = sourcecode.c.objc; path = FindTrailSectionHeaderView.m; sourceTree = "<group>"; };
		26A5E9831C133A7800C7FE07 /* SectionHeaderView.xib */ = {isa = PBXFileReference; fileEncoding = 4; lastKnownFileType = file.xib; path = SectionHeaderView.xib; sourceTree = "<group>"; };
		26A5E9851C13A39F00C7FE07 /* FindTrailSectionInfo.h */ = {isa = PBXFileReference; fileEncoding = 4; lastKnownFileType = sourcecode.c.h; path = FindTrailSectionInfo.h; sourceTree = "<group>"; };
		26A5E9861C13A39F00C7FE07 /* FindTrailSectionInfo.m */ = {isa = PBXFileReference; fileEncoding = 4; lastKnownFileType = sourcecode.c.objc; path = FindTrailSectionInfo.m; sourceTree = "<group>"; };
		26A5E9881C13A64400C7FE07 /* States.h */ = {isa = PBXFileReference; fileEncoding = 4; lastKnownFileType = sourcecode.c.h; path = States.h; sourceTree = "<group>"; };
		26A5E9891C13A64400C7FE07 /* States.m */ = {isa = PBXFileReference; fileEncoding = 4; lastKnownFileType = sourcecode.c.objc; path = States.m; sourceTree = "<group>"; };
		26AAB1C81BCDDE8B0084B67D /* User.h */ = {isa = PBXFileReference; fileEncoding = 4; lastKnownFileType = sourcecode.c.h; path = User.h; sourceTree = "<group>"; };
		26AAB1C91BCDDE8B0084B67D /* User.m */ = {isa = PBXFileReference; fileEncoding = 4; lastKnownFileType = sourcecode.c.objc; path = User.m; sourceTree = "<group>"; };
		26AAB1CB1BCDDEB60084B67D /* AuthorizedCommentors.h */ = {isa = PBXFileReference; fileEncoding = 4; lastKnownFileType = sourcecode.c.h; path = AuthorizedCommentors.h; sourceTree = "<group>"; };
		26AAB1CC1BCDDEB60084B67D /* AuthorizedCommentors.m */ = {isa = PBXFileReference; fileEncoding = 4; lastKnownFileType = sourcecode.c.objc; path = AuthorizedCommentors.m; sourceTree = "<group>"; };
		26AAB1CE1BCDDEC20084B67D /* Comments.h */ = {isa = PBXFileReference; fileEncoding = 4; lastKnownFileType = sourcecode.c.h; path = Comments.h; sourceTree = "<group>"; };
		26AAB1CF1BCDDEC20084B67D /* Comments.m */ = {isa = PBXFileReference; fileEncoding = 4; lastKnownFileType = sourcecode.c.objc; path = Comments.m; sourceTree = "<group>"; };
		26AAB1D11BCDDECE0084B67D /* Trails.h */ = {isa = PBXFileReference; fileEncoding = 4; lastKnownFileType = sourcecode.c.h; name = Trails.h; path = ../Trails.h; sourceTree = "<group>"; };
		26AAB1D21BCDDECE0084B67D /* Trails.m */ = {isa = PBXFileReference; fileEncoding = 4; lastKnownFileType = sourcecode.c.objc; name = Trails.m; path = ../Trails.m; sourceTree = "<group>"; };
		26AAB1D41BCDDEDC0084B67D /* TrailStatus.h */ = {isa = PBXFileReference; fileEncoding = 4; lastKnownFileType = sourcecode.c.h; name = TrailStatus.h; path = ../TrailStatus.h; sourceTree = "<group>"; };
		26AAB1D51BCDDEDC0084B67D /* TrailStatus.m */ = {isa = PBXFileReference; fileEncoding = 4; lastKnownFileType = sourcecode.c.objc; name = TrailStatus.m; path = ../TrailStatus.m; sourceTree = "<group>"; };
		26AAB1D71BCDE0E70084B67D /* Installation.h */ = {isa = PBXFileReference; fileEncoding = 4; lastKnownFileType = sourcecode.c.h; path = Installation.h; sourceTree = "<group>"; };
		26AAB1D81BCDE0E70084B67D /* Installation.m */ = {isa = PBXFileReference; fileEncoding = 4; lastKnownFileType = sourcecode.c.objc; path = Installation.m; sourceTree = "<group>"; };
		26B65CFF1BD5CB74008616EC /* SystemConfiguration.framework */ = {isa = PBXFileReference; lastKnownFileType = wrapper.framework; name = SystemConfiguration.framework; path = System/Library/Frameworks/SystemConfiguration.framework; sourceTree = SDKROOT; };
		26C033611BFFF7DD003B9114 /* CustomTrailHomeCell.h */ = {isa = PBXFileReference; fileEncoding = 4; lastKnownFileType = sourcecode.c.h; path = CustomTrailHomeCell.h; sourceTree = "<group>"; };
		26C033621BFFF7DD003B9114 /* CustomTrailHomeCell.m */ = {isa = PBXFileReference; fileEncoding = 4; lastKnownFileType = sourcecode.c.objc; path = CustomTrailHomeCell.m; sourceTree = "<group>"; };
		26D6E5CB1BEEBCEB007C9F6C /* CustomCell.h */ = {isa = PBXFileReference; fileEncoding = 4; lastKnownFileType = sourcecode.c.h; path = CustomCell.h; sourceTree = "<group>"; };
		26D6E5CC1BEEBCEB007C9F6C /* CustomCell.m */ = {isa = PBXFileReference; fileEncoding = 4; lastKnownFileType = sourcecode.c.objc; path = CustomCell.m; sourceTree = "<group>"; };
		26DBC1201BE82F2F00273D56 /* CoreLocation.framework */ = {isa = PBXFileReference; lastKnownFileType = wrapper.framework; name = CoreLocation.framework; path = System/Library/Frameworks/CoreLocation.framework; sourceTree = SDKROOT; };
		26E0C3871C1676890085589A /* SearchTrailViewController.h */ = {isa = PBXFileReference; fileEncoding = 4; lastKnownFileType = sourcecode.c.h; path = SearchTrailViewController.h; sourceTree = "<group>"; };
		26E0C3881C1676890085589A /* SearchTrailViewController.m */ = {isa = PBXFileReference; fileEncoding = 4; lastKnownFileType = sourcecode.c.objc; path = SearchTrailViewController.m; sourceTree = "<group>"; };
		26F7A3921BE453E5007D98D6 /* GetAllObjectsFromParseHelper.h */ = {isa = PBXFileReference; fileEncoding = 4; lastKnownFileType = sourcecode.c.h; path = GetAllObjectsFromParseHelper.h; sourceTree = "<group>"; };
		26F7A3931BE453E5007D98D6 /* GetAllObjectsFromParseHelper.m */ = {isa = PBXFileReference; fileEncoding = 4; lastKnownFileType = sourcecode.c.objc; path = GetAllObjectsFromParseHelper.m; sourceTree = "<group>"; };
		26F8D40B1BE5A227007770F4 /* Base */ = {isa = PBXFileReference; lastKnownFileType = file.storyboard; name = Base; path = Base.lproj/Main.storyboard; sourceTree = "<group>"; };
		26F8D40D1BE5A389007770F4 /* MainViewController.h */ = {isa = PBXFileReference; fileEncoding = 4; lastKnownFileType = sourcecode.c.h; path = MainViewController.h; sourceTree = "<group>"; };
		26F8D40E1BE5A389007770F4 /* MainViewController.m */ = {isa = PBXFileReference; fileEncoding = 4; lastKnownFileType = sourcecode.c.objc; path = MainViewController.m; sourceTree = "<group>"; };
		26F8D4131BE65539007770F4 /* LeftDrawerController.h */ = {isa = PBXFileReference; fileEncoding = 4; lastKnownFileType = sourcecode.c.h; path = LeftDrawerController.h; sourceTree = "<group>"; };
		26F8D4141BE65539007770F4 /* LeftDrawerController.m */ = {isa = PBXFileReference; fileEncoding = 4; lastKnownFileType = sourcecode.c.objc; path = LeftDrawerController.m; sourceTree = "<group>"; };
		26F8D4171BE65E4A007770F4 /* MMDrawerBarButtonItem.h */ = {isa = PBXFileReference; fileEncoding = 4; lastKnownFileType = sourcecode.c.h; path = MMDrawerBarButtonItem.h; sourceTree = "<group>"; };
		26F8D4181BE65E4A007770F4 /* MMDrawerBarButtonItem.m */ = {isa = PBXFileReference; fileEncoding = 4; lastKnownFileType = sourcecode.c.objc; path = MMDrawerBarButtonItem.m; sourceTree = "<group>"; };
		26F8D4191BE65E4A007770F4 /* MMDrawerController.h */ = {isa = PBXFileReference; fileEncoding = 4; lastKnownFileType = sourcecode.c.h; path = MMDrawerController.h; sourceTree = "<group>"; };
		26F8D41A1BE65E4A007770F4 /* MMDrawerController.m */ = {isa = PBXFileReference; fileEncoding = 4; lastKnownFileType = sourcecode.c.objc; path = MMDrawerController.m; sourceTree = "<group>"; };
		26F8D41B1BE65E4A007770F4 /* MMDrawerController+Subclass.h */ = {isa = PBXFileReference; fileEncoding = 4; lastKnownFileType = sourcecode.c.h; path = "MMDrawerController+Subclass.h"; sourceTree = "<group>"; };
		26F8D41C1BE65E4A007770F4 /* MMDrawerVisualState.h */ = {isa = PBXFileReference; fileEncoding = 4; lastKnownFileType = sourcecode.c.h; path = MMDrawerVisualState.h; sourceTree = "<group>"; };
		26F8D41D1BE65E4A007770F4 /* MMDrawerVisualState.m */ = {isa = PBXFileReference; fileEncoding = 4; lastKnownFileType = sourcecode.c.objc; path = MMDrawerVisualState.m; sourceTree = "<group>"; };
		26F8D41E1BE65E4A007770F4 /* UIViewController+MMDrawerController.h */ = {isa = PBXFileReference; fileEncoding = 4; lastKnownFileType = sourcecode.c.h; path = "UIViewController+MMDrawerController.h"; sourceTree = "<group>"; };
		26F8D41F1BE65E4A007770F4 /* UIViewController+MMDrawerController.m */ = {isa = PBXFileReference; fileEncoding = 4; lastKnownFileType = sourcecode.c.objc; path = "UIViewController+MMDrawerController.m"; sourceTree = "<group>"; };
		26F8D4241BE6913F007770F4 /* SettingsHelper.h */ = {isa = PBXFileReference; fileEncoding = 4; lastKnownFileType = sourcecode.c.h; path = SettingsHelper.h; sourceTree = "<group>"; };
		26F8D4251BE6913F007770F4 /* SettingsHelper.m */ = {isa = PBXFileReference; fileEncoding = 4; lastKnownFileType = sourcecode.c.objc; path = SettingsHelper.m; sourceTree = "<group>"; };
		26F8D4271BE6A387007770F4 /* SettingsViewController.h */ = {isa = PBXFileReference; fileEncoding = 4; lastKnownFileType = sourcecode.c.h; path = SettingsViewController.h; sourceTree = "<group>"; };
		26F8D4281BE6A387007770F4 /* SettingsViewController.m */ = {isa = PBXFileReference; fileEncoding = 4; lastKnownFileType = sourcecode.c.objc; path = SettingsViewController.m; sourceTree = "<group>"; };
		26F8D42A1BE6BFCB007770F4 /* FindTrailViewController.h */ = {isa = PBXFileReference; fileEncoding = 4; lastKnownFileType = sourcecode.c.h; path = FindTrailViewController.h; sourceTree = "<group>"; };
		26F8D42B1BE6BFCB007770F4 /* FindTrailViewController.m */ = {isa = PBXFileReference; fileEncoding = 4; lastKnownFileType = sourcecode.c.objc; path = FindTrailViewController.m; sourceTree = "<group>"; };
		26F8D42D1BE6BFD6007770F4 /* CommentsViewController.h */ = {isa = PBXFileReference; fileEncoding = 4; lastKnownFileType = sourcecode.c.h; path = CommentsViewController.h; sourceTree = "<group>"; };
		26F8D42E1BE6BFD6007770F4 /* CommentsViewController.m */ = {isa = PBXFileReference; fileEncoding = 4; lastKnownFileType = sourcecode.c.objc; path = CommentsViewController.m; sourceTree = "<group>"; };
		26F8D4301BE6BFE2007770F4 /* MapViewController.h */ = {isa = PBXFileReference; fileEncoding = 4; lastKnownFileType = sourcecode.c.h; path = MapViewController.h; sourceTree = "<group>"; };
		26F8D4311BE6BFE2007770F4 /* MapViewController.m */ = {isa = PBXFileReference; fileEncoding = 4; lastKnownFileType = sourcecode.c.objc; path = MapViewController.m; sourceTree = "<group>"; };
		26F8D4331BE6BFEF007770F4 /* AddTrailViewController.h */ = {isa = PBXFileReference; fileEncoding = 4; lastKnownFileType = sourcecode.c.h; path = AddTrailViewController.h; sourceTree = "<group>"; };
		26F8D4341BE6BFEF007770F4 /* AddTrailViewController.m */ = {isa = PBXFileReference; fileEncoding = 4; lastKnownFileType = sourcecode.c.objc; path = AddTrailViewController.m; sourceTree = "<group>"; };
		26F8D4361BE6C009007770F4 /* TrailSubscriptionsViewController.h */ = {isa = PBXFileReference; fileEncoding = 4; lastKnownFileType = sourcecode.c.h; path = TrailSubscriptionsViewController.h; sourceTree = "<group>"; };
		26F8D4371BE6C009007770F4 /* TrailSubscriptionsViewController.m */ = {isa = PBXFileReference; fileEncoding = 4; lastKnownFileType = sourcecode.c.objc; path = TrailSubscriptionsViewController.m; sourceTree = "<group>"; };
		26F8D4391BE6C019007770F4 /* GetTrailPinViewController.h */ = {isa = PBXFileReference; fileEncoding = 4; lastKnownFileType = sourcecode.c.h; path = GetTrailPinViewController.h; sourceTree = "<group>"; };
		26F8D43A1BE6C019007770F4 /* GetTrailPinViewController.m */ = {isa = PBXFileReference; fileEncoding = 4; lastKnownFileType = sourcecode.c.objc; path = GetTrailPinViewController.m; sourceTree = "<group>"; };
		26F8D43C1BE6C026007770F4 /* ContactViewController.h */ = {isa = PBXFileReference; fileEncoding = 4; lastKnownFileType = sourcecode.c.h; path = ContactViewController.h; sourceTree = "<group>"; };
		26F8D43D1BE6C026007770F4 /* ContactViewController.m */ = {isa = PBXFileReference; fileEncoding = 4; lastKnownFileType = sourcecode.c.objc; path = ContactViewController.m; sourceTree = "<group>"; };
		2F888E95CE45AFE1354158EF /* Pods-TrailKeeper.debug.xcconfig */ = {isa = PBXFileReference; includeInIndex = 1; lastKnownFileType = text.xcconfig; name = "Pods-TrailKeeper.debug.xcconfig"; path = "Pods/Target Support Files/Pods-TrailKeeper/Pods-TrailKeeper.debug.xcconfig"; sourceTree = "<group>"; };
		66DA86ADC3A3C6515759724B /* libPods-TrailKeeper.a */ = {isa = PBXFileReference; explicitFileType = archive.ar; includeInIndex = 0; path = "libPods-TrailKeeper.a"; sourceTree = BUILT_PRODUCTS_DIR; };
		78EEF1E93A254E3A42D0AC7D /* Pods-TrailKeeper.release.xcconfig */ = {isa = PBXFileReference; includeInIndex = 1; lastKnownFileType = text.xcconfig; name = "Pods-TrailKeeper.release.xcconfig"; path = "Pods/Target Support Files/Pods-TrailKeeper/Pods-TrailKeeper.release.xcconfig"; sourceTree = "<group>"; };
/* End PBXFileReference section */

/* Begin PBXFrameworksBuildPhase section */
		2615C1131BCAE7660065B62C /* Frameworks */ = {
			isa = PBXFrameworksBuildPhase;
			buildActionMask = 2147483647;
			files = (
				26DBC1211BE82F2F00273D56 /* CoreLocation.framework in Frameworks */,
				26B65D001BD5CB74008616EC /* SystemConfiguration.framework in Frameworks */,
				26751E991BCB24BA002C3498 /* libsqlite3.tbd in Frameworks */,
				A0A883A2D59F3CBD08E3EDA5 /* libPods-TrailKeeper.a in Frameworks */,
			);
			runOnlyForDeploymentPostprocessing = 0;
		};
/* End PBXFrameworksBuildPhase section */

/* Begin PBXGroup section */
		2615C10D1BCAE7660065B62C = {
			isa = PBXGroup;
			children = (
				262CFA8C1BE303E000378C5C /* offline_trails.db */,
				2615C1181BCAE7660065B62C /* TrailKeeper */,
				2615C1171BCAE7660065B62C /* Products */,
				DA81B6D8C2CD2D0BA67C0168 /* Pods */,
				8E2C8ACE4F64BE6172923985 /* Frameworks */,
			);
			sourceTree = "<group>";
		};
		2615C1171BCAE7660065B62C /* Products */ = {
			isa = PBXGroup;
			children = (
				2615C1161BCAE7660065B62C /* TrailKeeper.app */,
			);
			name = Products;
			sourceTree = "<group>";
		};
		2615C1181BCAE7660065B62C /* TrailKeeper */ = {
			isa = PBXGroup;
			children = (
				26D6E5CA1BEEBCCF007C9F6C /* CustomViews */,
				26F8D4161BE65E18007770F4 /* MySideMenu */,
				2615C1381BCAEC740065B62C /* Models */,
				2615C1351BCAEC540065B62C /* Utils */,
				2615C1341BCAEC4D0065B62C /* Helpers */,
				2615C1331BCAEC460065B62C /* Database */,
				2615C1321BCAEC2E0065B62C /* Assets */,
				2615C1311BCAEC1F0065B62C /* Views */,
				2615C1301BCAEC0A0065B62C /* StoryBoard */,
				2615C1191BCAE7660065B62C /* Supporting Files */,
			);
			path = TrailKeeper;
			sourceTree = "<group>";
		};
		2615C1191BCAE7660065B62C /* Supporting Files */ = {
			isa = PBXGroup;
			children = (
				2615C12A1BCAE7660065B62C /* Info.plist */,
				2615C11C1BCAE7660065B62C /* AppDelegate.h */,
				2615C11D1BCAE7660065B62C /* AppDelegate.m */,
				2615C11A1BCAE7660065B62C /* main.m */,
			);
			name = "Supporting Files";
			sourceTree = "<group>";
		};
		2615C1301BCAEC0A0065B62C /* StoryBoard */ = {
			isa = PBXGroup;
			children = (
				26F8D40A1BE5A227007770F4 /* Main.storyboard */,
				2615C1271BCAE7660065B62C /* LaunchScreen.storyboard */,
				26A5E9831C133A7800C7FE07 /* SectionHeaderView.xib */,
			);
			name = StoryBoard;
			sourceTree = "<group>";
		};
		2615C1311BCAEC1F0065B62C /* Views */ = {
			isa = PBXGroup;
			children = (
				26F8D40D1BE5A389007770F4 /* MainViewController.h */,
				26F8D40E1BE5A389007770F4 /* MainViewController.m */,
				26F8D4131BE65539007770F4 /* LeftDrawerController.h */,
				26F8D4141BE65539007770F4 /* LeftDrawerController.m */,
				26F8D4271BE6A387007770F4 /* SettingsViewController.h */,
				26F8D4281BE6A387007770F4 /* SettingsViewController.m */,
				26F8D42A1BE6BFCB007770F4 /* FindTrailViewController.h */,
				26F8D42B1BE6BFCB007770F4 /* FindTrailViewController.m */,
				26F8D42D1BE6BFD6007770F4 /* CommentsViewController.h */,
				26F8D42E1BE6BFD6007770F4 /* CommentsViewController.m */,
				26F8D4301BE6BFE2007770F4 /* MapViewController.h */,
				26F8D4311BE6BFE2007770F4 /* MapViewController.m */,
				26F8D4331BE6BFEF007770F4 /* AddTrailViewController.h */,
				26F8D4341BE6BFEF007770F4 /* AddTrailViewController.m */,
				26F8D4361BE6C009007770F4 /* TrailSubscriptionsViewController.h */,
				26F8D4371BE6C009007770F4 /* TrailSubscriptionsViewController.m */,
				26F8D4391BE6C019007770F4 /* GetTrailPinViewController.h */,
				26F8D43A1BE6C019007770F4 /* GetTrailPinViewController.m */,
				26F8D43C1BE6C026007770F4 /* ContactViewController.h */,
				26F8D43D1BE6C026007770F4 /* ContactViewController.m */,
				26744DAE1BF41D9300309733 /* TrailHomeViewController.h */,
				26744DAF1BF41D9300309733 /* TrailHomeViewController.m */,
				262D3A6C1C07935500284767 /* CreateAccountViewController.h */,
				262D3A6D1C07935500284767 /* CreateAccountViewController.m */,
				262D3A6F1C07955600284767 /* UpdateAccountViewController.h */,
				262D3A701C07955600284767 /* UpdateAccountViewController.m */,
				262D3A721C07956600284767 /* SignInViewController.h */,
				262D3A731C07956600284767 /* SignInViewController.m */,
				262D3A751C07957700284767 /* UnitsOfMeasureViewController.h */,
				262D3A761C07957700284767 /* UnitsOfMeasureViewController.m */,
				26E0C3871C1676890085589A /* SearchTrailViewController.h */,
				26E0C3881C1676890085589A /* SearchTrailViewController.m */,
			);
			name = Views;
			sourceTree = "<group>";
		};
		2615C1321BCAEC2E0065B62C /* Assets */ = {
			isa = PBXGroup;
			children = (
				2615C1251BCAE7660065B62C /* Assets.xcassets */,
			);
			name = Assets;
			sourceTree = "<group>";
		};
		2615C1331BCAEC460065B62C /* Database */ = {
			isa = PBXGroup;
			children = (
				26A4C10E1BCB3D7800524635 /* DBManager.h */,
				26A4C10F1BCB3D7800524635 /* DBManager.m */,
			);
			name = Database;
			sourceTree = "<group>";
		};
		2615C1341BCAEC4D0065B62C /* Helpers */ = {
			isa = PBXGroup;
			children = (
				26A4C1201BCB41EF00524635 /* AlertControllerHelper.h */,
				26A4C1211BCB41EF00524635 /* AlertControllerHelper.m */,
				26A4C1231BCB430A00524635 /* ConnectionDetector.h */,
				26A4C1241BCB430A00524635 /* ConnectionDetector.m */,
				26A4C1261BCB432300524635 /* GeoLocationHelper.h */,
				26A4C1271BCB432300524635 /* GeoLocationHelper.m */,
				26A4C1291BCB433200524635 /* PushNotificationHelper.h */,
				26A4C12A1BCB433200524635 /* PushNotificationHelper.m */,
				26A4C12F1BCB434D00524635 /* StateListHelper.h */,
				26A4C1301BCB434D00524635 /* StateListHelper.m */,
				260EC2621BDB13F600BB01DF /* Converters.h */,
				260EC2631BDB13F600BB01DF /* Converters.m */,
				26F7A3921BE453E5007D98D6 /* GetAllObjectsFromParseHelper.h */,
				26F7A3931BE453E5007D98D6 /* GetAllObjectsFromParseHelper.m */,
				26F8D4241BE6913F007770F4 /* SettingsHelper.h */,
				26F8D4251BE6913F007770F4 /* SettingsHelper.m */,
			);
			name = Helpers;
			sourceTree = "<group>";
		};
		2615C1351BCAEC540065B62C /* Utils */ = {
			isa = PBXGroup;
			children = (
				26A4C1321BCB438D00524635 /* NotificationReciever.h */,
				26A4C1331BCB438D00524635 /* NotificationReciever.m */,
			);
			name = Utils;
			sourceTree = "<group>";
		};
		2615C1381BCAEC740065B62C /* Models */ = {
			isa = PBXGroup;
			children = (
				26AAB1D11BCDDECE0084B67D /* Trails.h */,
				26AAB1D21BCDDECE0084B67D /* Trails.m */,
				26AAB1D41BCDDEDC0084B67D /* TrailStatus.h */,
				26AAB1D51BCDDEDC0084B67D /* TrailStatus.m */,
				26AAB1C81BCDDE8B0084B67D /* User.h */,
				26AAB1C91BCDDE8B0084B67D /* User.m */,
				26AAB1CB1BCDDEB60084B67D /* AuthorizedCommentors.h */,
				26AAB1CC1BCDDEB60084B67D /* AuthorizedCommentors.m */,
				26AAB1CE1BCDDEC20084B67D /* Comments.h */,
				26AAB1CF1BCDDEC20084B67D /* Comments.m */,
				26AAB1D71BCDE0E70084B67D /* Installation.h */,
				26AAB1D81BCDE0E70084B67D /* Installation.m */,
				26A5E9881C13A64400C7FE07 /* States.h */,
				26A5E9891C13A64400C7FE07 /* States.m */,
			);
			name = Models;
			sourceTree = "<group>";
		};
		26D6E5CA1BEEBCCF007C9F6C /* CustomViews */ = {
			isa = PBXGroup;
			children = (
				26D6E5CB1BEEBCEB007C9F6C /* CustomCell.h */,
				26D6E5CC1BEEBCEB007C9F6C /* CustomCell.m */,
				26C033611BFFF7DD003B9114 /* CustomTrailHomeCell.h */,
				26C033621BFFF7DD003B9114 /* CustomTrailHomeCell.m */,
				26A5E97D1C12894200C7FE07 /* CustomFindTrailCell.h */,
				26A5E97E1C12894200C7FE07 /* CustomFindTrailCell.m */,
				26A5E9801C133A3A00C7FE07 /* FindTrailSectionHeaderView.h */,
				26A5E9811C133A3A00C7FE07 /* FindTrailSectionHeaderView.m */,
				26A5E9851C13A39F00C7FE07 /* FindTrailSectionInfo.h */,
				26A5E9861C13A39F00C7FE07 /* FindTrailSectionInfo.m */,
			);
			name = CustomViews;
			sourceTree = "<group>";
		};
		26F8D4161BE65E18007770F4 /* MySideMenu */ = {
			isa = PBXGroup;
			children = (
				26F8D4171BE65E4A007770F4 /* MMDrawerBarButtonItem.h */,
				26F8D4181BE65E4A007770F4 /* MMDrawerBarButtonItem.m */,
				26F8D4191BE65E4A007770F4 /* MMDrawerController.h */,
				26F8D41A1BE65E4A007770F4 /* MMDrawerController.m */,
				26F8D41B1BE65E4A007770F4 /* MMDrawerController+Subclass.h */,
				26F8D41C1BE65E4A007770F4 /* MMDrawerVisualState.h */,
				26F8D41D1BE65E4A007770F4 /* MMDrawerVisualState.m */,
				26F8D41E1BE65E4A007770F4 /* UIViewController+MMDrawerController.h */,
				26F8D41F1BE65E4A007770F4 /* UIViewController+MMDrawerController.m */,
			);
			name = MySideMenu;
			sourceTree = "<group>";
		};
		8E2C8ACE4F64BE6172923985 /* Frameworks */ = {
			isa = PBXGroup;
			children = (
				26DBC1201BE82F2F00273D56 /* CoreLocation.framework */,
				26B65CFF1BD5CB74008616EC /* SystemConfiguration.framework */,
				26751E981BCB24BA002C3498 /* libsqlite3.tbd */,
				66DA86ADC3A3C6515759724B /* libPods-TrailKeeper.a */,
			);
			name = Frameworks;
			sourceTree = "<group>";
		};
		DA81B6D8C2CD2D0BA67C0168 /* Pods */ = {
			isa = PBXGroup;
			children = (
				2F888E95CE45AFE1354158EF /* Pods-TrailKeeper.debug.xcconfig */,
				78EEF1E93A254E3A42D0AC7D /* Pods-TrailKeeper.release.xcconfig */,
			);
			name = Pods;
			sourceTree = "<group>";
		};
/* End PBXGroup section */

/* Begin PBXNativeTarget section */
		2615C1151BCAE7660065B62C /* TrailKeeper */ = {
			isa = PBXNativeTarget;
			buildConfigurationList = 2615C12D1BCAE7660065B62C /* Build configuration list for PBXNativeTarget "TrailKeeper" */;
			buildPhases = (
				902E6004BB1F0B0A6B55C050 /* Check Pods Manifest.lock */,
				2615C1121BCAE7660065B62C /* Sources */,
				2615C1131BCAE7660065B62C /* Frameworks */,
				2615C1141BCAE7660065B62C /* Resources */,
				0D8384A6A4739BE42E7DEA11 /* Embed Pods Frameworks */,
				FEA3BD2B41FC9D8276CB8439 /* Copy Pods Resources */,
			);
			buildRules = (
			);
			dependencies = (
			);
			name = TrailKeeper;
			productName = TrailKeeper;
			productReference = 2615C1161BCAE7660065B62C /* TrailKeeper.app */;
			productType = "com.apple.product-type.application";
		};
/* End PBXNativeTarget section */

/* Begin PBXProject section */
		2615C10E1BCAE7660065B62C /* Project object */ = {
			isa = PBXProject;
			attributes = {
				LastUpgradeCheck = 0700;
				ORGANIZATIONNAME = "Jeremey Rodriguez";
				TargetAttributes = {
					2615C1151BCAE7660065B62C = {
						CreatedOnToolsVersion = 7.0.1;
						DevelopmentTeam = 5LME3793K2;
					};
				};
			};
			buildConfigurationList = 2615C1111BCAE7660065B62C /* Build configuration list for PBXProject "TrailKeeper" */;
			compatibilityVersion = "Xcode 3.2";
			developmentRegion = English;
			hasScannedForEncodings = 0;
			knownRegions = (
				en,
				Base,
			);
			mainGroup = 2615C10D1BCAE7660065B62C;
			productRefGroup = 2615C1171BCAE7660065B62C /* Products */;
			projectDirPath = "";
			projectRoot = "";
			targets = (
				2615C1151BCAE7660065B62C /* TrailKeeper */,
			);
		};
/* End PBXProject section */

/* Begin PBXResourcesBuildPhase section */
		2615C1141BCAE7660065B62C /* Resources */ = {
			isa = PBXResourcesBuildPhase;
			buildActionMask = 2147483647;
			files = (
				2615C1291BCAE7660065B62C /* LaunchScreen.storyboard in Resources */,
				26F8D40C1BE5A227007770F4 /* Main.storyboard in Resources */,
				26A5E9841C133A7800C7FE07 /* SectionHeaderView.xib in Resources */,
				2615C1261BCAE7660065B62C /* Assets.xcassets in Resources */,
				262CFA8D1BE303E000378C5C /* offline_trails.db in Resources */,
			);
			runOnlyForDeploymentPostprocessing = 0;
		};
/* End PBXResourcesBuildPhase section */

/* Begin PBXShellScriptBuildPhase section */
		0D8384A6A4739BE42E7DEA11 /* Embed Pods Frameworks */ = {
			isa = PBXShellScriptBuildPhase;
			buildActionMask = 2147483647;
			files = (
			);
			inputPaths = (
			);
			name = "Embed Pods Frameworks";
			outputPaths = (
			);
			runOnlyForDeploymentPostprocessing = 0;
			shellPath = /bin/sh;
			shellScript = "\"${SRCROOT}/Pods/Target Support Files/Pods-TrailKeeper/Pods-TrailKeeper-frameworks.sh\"\n";
			showEnvVarsInLog = 0;
		};
		902E6004BB1F0B0A6B55C050 /* Check Pods Manifest.lock */ = {
			isa = PBXShellScriptBuildPhase;
			buildActionMask = 2147483647;
			files = (
			);
			inputPaths = (
			);
			name = "Check Pods Manifest.lock";
			outputPaths = (
			);
			runOnlyForDeploymentPostprocessing = 0;
			shellPath = /bin/sh;
			shellScript = "diff \"${PODS_ROOT}/../Podfile.lock\" \"${PODS_ROOT}/Manifest.lock\" > /dev/null\nif [[ $? != 0 ]] ; then\n    cat << EOM\nerror: The sandbox is not in sync with the Podfile.lock. Run 'pod install' or update your CocoaPods installation.\nEOM\n    exit 1\nfi\n";
			showEnvVarsInLog = 0;
		};
		FEA3BD2B41FC9D8276CB8439 /* Copy Pods Resources */ = {
			isa = PBXShellScriptBuildPhase;
			buildActionMask = 2147483647;
			files = (
			);
			inputPaths = (
			);
			name = "Copy Pods Resources";
			outputPaths = (
			);
			runOnlyForDeploymentPostprocessing = 0;
			shellPath = /bin/sh;
			shellScript = "\"${SRCROOT}/Pods/Target Support Files/Pods-TrailKeeper/Pods-TrailKeeper-resources.sh\"\n";
			showEnvVarsInLog = 0;
		};
/* End PBXShellScriptBuildPhase section */

/* Begin PBXSourcesBuildPhase section */
		2615C1121BCAE7660065B62C /* Sources */ = {
			isa = PBXSourcesBuildPhase;
			buildActionMask = 2147483647;
			files = (
				262D3A741C07956600284767 /* SignInViewController.m in Sources */,
				26A4C1101BCB3D7800524635 /* DBManager.m in Sources */,
				26AAB1CD1BCDDEB60084B67D /* AuthorizedCommentors.m in Sources */,
				26D6E5CD1BEEBCEB007C9F6C /* CustomCell.m in Sources */,
				26F8D4351BE6BFEF007770F4 /* AddTrailViewController.m in Sources */,
				26A5E9871C13A39F00C7FE07 /* FindTrailSectionInfo.m in Sources */,
				26F8D4221BE65E4A007770F4 /* MMDrawerVisualState.m in Sources */,
				260EC2641BDB13F600BB01DF /* Converters.m in Sources */,
				26A4C1281BCB432300524635 /* GeoLocationHelper.m in Sources */,
				262D3A711C07955600284767 /* UpdateAccountViewController.m in Sources */,
				26F8D43B1BE6C019007770F4 /* GetTrailPinViewController.m in Sources */,
				262D3A6E1C07935500284767 /* CreateAccountViewController.m in Sources */,
				26AAB1D61BCDDEDC0084B67D /* TrailStatus.m in Sources */,
				26F8D40F1BE5A389007770F4 /* MainViewController.m in Sources */,
				26C033631BFFF7DD003B9114 /* CustomTrailHomeCell.m in Sources */,
				26A5E9821C133A3A00C7FE07 /* FindTrailSectionHeaderView.m in Sources */,
				26F7A3941BE453E5007D98D6 /* GetAllObjectsFromParseHelper.m in Sources */,
				262D3A771C07957700284767 /* UnitsOfMeasureViewController.m in Sources */,
				26A4C12B1BCB433200524635 /* PushNotificationHelper.m in Sources */,
				26AAB1CA1BCDDE8B0084B67D /* User.m in Sources */,
				26A4C1251BCB430A00524635 /* ConnectionDetector.m in Sources */,
				26744DB01BF41D9300309733 /* TrailHomeViewController.m in Sources */,
				2615C11E1BCAE7660065B62C /* AppDelegate.m in Sources */,
				26A5E98A1C13A64400C7FE07 /* States.m in Sources */,
				26F8D4261BE6913F007770F4 /* SettingsHelper.m in Sources */,
				26AAB1D31BCDDECE0084B67D /* Trails.m in Sources */,
				26F8D42F1BE6BFD6007770F4 /* CommentsViewController.m in Sources */,
				26AAB1D01BCDDEC20084B67D /* Comments.m in Sources */,
				26A4C1311BCB434D00524635 /* StateListHelper.m in Sources */,
				26A4C1221BCB41EF00524635 /* AlertControllerHelper.m in Sources */,
				26A4C1341BCB438D00524635 /* NotificationReciever.m in Sources */,
				26E0C3891C1676890085589A /* SearchTrailViewController.m in Sources */,
				26F8D4381BE6C009007770F4 /* TrailSubscriptionsViewController.m in Sources */,
				26F8D42C1BE6BFCB007770F4 /* FindTrailViewController.m in Sources */,
				26F8D4231BE65E4A007770F4 /* UIViewController+MMDrawerController.m in Sources */,
				26F8D4211BE65E4A007770F4 /* MMDrawerController.m in Sources */,
				2615C11B1BCAE7660065B62C /* main.m in Sources */,
				26F8D4201BE65E4A007770F4 /* MMDrawerBarButtonItem.m in Sources */,
				26A5E97F1C12894200C7FE07 /* CustomFindTrailCell.m in Sources */,
				26F8D4291BE6A387007770F4 /* SettingsViewController.m in Sources */,
				26F8D4151BE65539007770F4 /* LeftDrawerController.m in Sources */,
				26F8D43E1BE6C026007770F4 /* ContactViewController.m in Sources */,
				26AAB1D91BCDE0E70084B67D /* Installation.m in Sources */,
				26F8D4321BE6BFE2007770F4 /* MapViewController.m in Sources */,
			);
			runOnlyForDeploymentPostprocessing = 0;
		};
/* End PBXSourcesBuildPhase section */

/* Begin PBXVariantGroup section */
		2615C1271BCAE7660065B62C /* LaunchScreen.storyboard */ = {
			isa = PBXVariantGroup;
			children = (
				2615C1281BCAE7660065B62C /* Base */,
			);
			name = LaunchScreen.storyboard;
			sourceTree = "<group>";
		};
		26F8D40A1BE5A227007770F4 /* Main.storyboard */ = {
			isa = PBXVariantGroup;
			children = (
				26F8D40B1BE5A227007770F4 /* Base */,
			);
			name = Main.storyboard;
			sourceTree = "<group>";
		};
/* End PBXVariantGroup section */

/* Begin XCBuildConfiguration section */
		2615C12B1BCAE7660065B62C /* Debug */ = {
			isa = XCBuildConfiguration;
			buildSettings = {
				ALWAYS_SEARCH_USER_PATHS = NO;
				CLANG_CXX_LANGUAGE_STANDARD = "gnu++0x";
				CLANG_CXX_LIBRARY = "libc++";
				CLANG_ENABLE_MODULES = YES;
				CLANG_ENABLE_OBJC_ARC = YES;
				CLANG_WARN_BOOL_CONVERSION = YES;
				CLANG_WARN_CONSTANT_CONVERSION = YES;
				CLANG_WARN_DIRECT_OBJC_ISA_USAGE = YES_ERROR;
				CLANG_WARN_EMPTY_BODY = YES;
				CLANG_WARN_ENUM_CONVERSION = YES;
				CLANG_WARN_INT_CONVERSION = YES;
				CLANG_WARN_OBJC_ROOT_CLASS = YES_ERROR;
				CLANG_WARN_UNREACHABLE_CODE = YES;
				CLANG_WARN__DUPLICATE_METHOD_MATCH = YES;
				CODE_SIGN_IDENTITY = "TrailKeeper App Development Profile";
				"CODE_SIGN_IDENTITY[sdk=iphoneos*]" = "TrailKeeper App Development Profile";
				COPY_PHASE_STRIP = NO;
				DEBUG_INFORMATION_FORMAT = dwarf;
				ENABLE_STRICT_OBJC_MSGSEND = YES;
				ENABLE_TESTABILITY = YES;
				GCC_C_LANGUAGE_STANDARD = gnu99;
				GCC_DYNAMIC_NO_PIC = NO;
				GCC_NO_COMMON_BLOCKS = YES;
				GCC_OPTIMIZATION_LEVEL = 0;
				GCC_PREPROCESSOR_DEFINITIONS = (
					"DEBUG=1",
					"$(inherited)",
				);
				GCC_WARN_64_TO_32_BIT_CONVERSION = YES;
				GCC_WARN_ABOUT_RETURN_TYPE = YES_ERROR;
				GCC_WARN_UNDECLARED_SELECTOR = YES;
				GCC_WARN_UNINITIALIZED_AUTOS = YES_AGGRESSIVE;
				GCC_WARN_UNUSED_FUNCTION = YES;
				GCC_WARN_UNUSED_VARIABLE = YES;
				IPHONEOS_DEPLOYMENT_TARGET = 9.0;
				MTL_ENABLE_DEBUG_INFO = YES;
				ONLY_ACTIVE_ARCH = YES;
				SDKROOT = iphoneos;
				TARGETED_DEVICE_FAMILY = "1,2";
			};
			name = Debug;
		};
		2615C12C1BCAE7660065B62C /* Release */ = {
			isa = XCBuildConfiguration;
			buildSettings = {
				ALWAYS_SEARCH_USER_PATHS = NO;
				CLANG_CXX_LANGUAGE_STANDARD = "gnu++0x";
				CLANG_CXX_LIBRARY = "libc++";
				CLANG_ENABLE_MODULES = YES;
				CLANG_ENABLE_OBJC_ARC = YES;
				CLANG_WARN_BOOL_CONVERSION = YES;
				CLANG_WARN_CONSTANT_CONVERSION = YES;
				CLANG_WARN_DIRECT_OBJC_ISA_USAGE = YES_ERROR;
				CLANG_WARN_EMPTY_BODY = YES;
				CLANG_WARN_ENUM_CONVERSION = YES;
				CLANG_WARN_INT_CONVERSION = YES;
				CLANG_WARN_OBJC_ROOT_CLASS = YES_ERROR;
				CLANG_WARN_UNREACHABLE_CODE = YES;
				CLANG_WARN__DUPLICATE_METHOD_MATCH = YES;
				CODE_SIGN_IDENTITY = "TrailKeeper App Development Profile";
				"CODE_SIGN_IDENTITY[sdk=iphoneos*]" = "TrailKeeper App Development Profile";
				COPY_PHASE_STRIP = NO;
				DEBUG_INFORMATION_FORMAT = "dwarf-with-dsym";
				ENABLE_NS_ASSERTIONS = NO;
				ENABLE_STRICT_OBJC_MSGSEND = YES;
				GCC_C_LANGUAGE_STANDARD = gnu99;
				GCC_NO_COMMON_BLOCKS = YES;
				GCC_WARN_64_TO_32_BIT_CONVERSION = YES;
				GCC_WARN_ABOUT_RETURN_TYPE = YES_ERROR;
				GCC_WARN_UNDECLARED_SELECTOR = YES;
				GCC_WARN_UNINITIALIZED_AUTOS = YES_AGGRESSIVE;
				GCC_WARN_UNUSED_FUNCTION = YES;
				GCC_WARN_UNUSED_VARIABLE = YES;
				IPHONEOS_DEPLOYMENT_TARGET = 9.0;
				MTL_ENABLE_DEBUG_INFO = NO;
				SDKROOT = iphoneos;
				TARGETED_DEVICE_FAMILY = "1,2";
				VALIDATE_PRODUCT = YES;
			};
			name = Release;
		};
		2615C12E1BCAE7660065B62C /* Debug */ = {
			isa = XCBuildConfiguration;
			baseConfigurationReference = 2F888E95CE45AFE1354158EF /* Pods-TrailKeeper.debug.xcconfig */;
			buildSettings = {
				ASSETCATALOG_COMPILER_APPICON_NAME = AppIcon;
				CODE_SIGN_IDENTITY = "iPhone Developer";
				"CODE_SIGN_IDENTITY[sdk=iphoneos*]" = "iPhone Developer";
				INFOPLIST_FILE = TrailKeeper/Info.plist;
				LD_RUNPATH_SEARCH_PATHS = "$(inherited) @executable_path/Frameworks";
				LIBRARY_SEARCH_PATHS = (
					"$(inherited)",
					"$(PROJECT_DIR)/build/Debug-iphoneos",
				);
				PRODUCT_BUNDLE_IDENTIFIER = com.singlecog.TrailKeeper;
				PRODUCT_NAME = "$(TARGET_NAME)";
				PROVISIONING_PROFILE = "";
			};
			name = Debug;
		};
		2615C12F1BCAE7660065B62C /* Release */ = {
			isa = XCBuildConfiguration;
			baseConfigurationReference = 78EEF1E93A254E3A42D0AC7D /* Pods-TrailKeeper.release.xcconfig */;
			buildSettings = {
				ASSETCATALOG_COMPILER_APPICON_NAME = AppIcon;
				CODE_SIGN_IDENTITY = "iPhone Developer";
				"CODE_SIGN_IDENTITY[sdk=iphoneos*]" = "iPhone Developer";
				INFOPLIST_FILE = TrailKeeper/Info.plist;
				LD_RUNPATH_SEARCH_PATHS = "$(inherited) @executable_path/Frameworks";
				LIBRARY_SEARCH_PATHS = (
					"$(inherited)",
					"$(PROJECT_DIR)/build/Debug-iphoneos",
				);
				PRODUCT_BUNDLE_IDENTIFIER = com.singlecog.TrailKeeper;
				PRODUCT_NAME = "$(TARGET_NAME)";
				PROVISIONING_PROFILE = "";
			};
			name = Release;
		};
/* End XCBuildConfiguration section */

/* Begin XCConfigurationList section */
		2615C1111BCAE7660065B62C /* Build configuration list for PBXProject "TrailKeeper" */ = {
			isa = XCConfigurationList;
			buildConfigurations = (
				2615C12B1BCAE7660065B62C /* Debug */,
				2615C12C1BCAE7660065B62C /* Release */,
			);
			defaultConfigurationIsVisible = 0;
			defaultConfigurationName = Release;
		};
		2615C12D1BCAE7660065B62C /* Build configuration list for PBXNativeTarget "TrailKeeper" */ = {
			isa = XCConfigurationList;
			buildConfigurations = (
				2615C12E1BCAE7660065B62C /* Debug */,
				2615C12F1BCAE7660065B62C /* Release */,
			);
			defaultConfigurationIsVisible = 0;
			defaultConfigurationName = Release;
		};
/* End XCConfigurationList section */
	};
	rootObject = 2615C10E1BCAE7660065B62C /* Project object */;
}
